
Microsoft Visual Studio Solution File, Format Version 12.00
# Visual Studio Version 16
VisualStudioVersion = 16.0.31019.35
MinimumVisualStudioVersion = 10.0.40219.1
Project("{FAE04EC0-301F-11D3-BF4B-00C04F79EFBC}") = "JordanDeBordProject3", "JordanDeBordProject3\JordanDeBordProject3.csproj", "{A0D0F498-621A-476C-8418-1E20B7284770}"
EndProject
Global
	GlobalSection(SolutionConfigurationPlatforms) = preSolution
		Debug|Any CPU = Debug|Any CPU
		Release|Any CPU = Release|Any CPU
	EndGlobalSection
	GlobalSection(ProjectConfigurationPlatforms) = postSolution
		{A0D0F498-621A-476C-8418-1E20B7284770}.Debug|Any CPU.ActiveCfg = Debug|Any CPU
		{A0D0F498-621A-476C-8418-1E20B7284770}.Debug|Any CPU.Build.0 = Debug|Any CPU
		{A0D0F498-621A-476C-8418-1E20B7284770}.Release|Any CPU.ActiveCfg = Release|Any CPU
		{A0D0F498-621A-476C-8418-1E20B7284770}.Release|Any CPU.Build.0 = Release|Any CPU
	EndGlobalSection
	GlobalSection(SolutionProperties) = preSolution
		HideSolutionNode = FALSE
	EndGlobalSection
	GlobalSection(ExtensibilityGlobals) = postSolution
		SolutionGuid = {C774BCE5-36CB-456C-9E03-5861E50656E9}
	EndGlobalSection
EndGlobal
